// !$*UTF8*$!
{
	archiveVersion = 1;
	classes = {
	};
	objectVersion = 50;
	objects = {

/* Begin PBXBuildFile section */
		77C7F57F24699A7600B7EC3C /* AppDelegate.m in Sources */ = {isa = PBXBuildFile; fileRef = 77C7F57E24699A7600B7EC3C /* AppDelegate.m */; };
		77C7F58224699A7600B7EC3C /* ViewController.m in Sources */ = {isa = PBXBuildFile; fileRef = 77C7F58124699A7600B7EC3C /* ViewController.m */; };
		77C7F58424699A7700B7EC3C /* Assets.xcassets in Resources */ = {isa = PBXBuildFile; fileRef = 77C7F58324699A7700B7EC3C /* Assets.xcassets */; };
		77C7F58724699A7700B7EC3C /* Main.storyboard in Resources */ = {isa = PBXBuildFile; fileRef = 77C7F58524699A7700B7EC3C /* Main.storyboard */; };
		77C7F58A24699A7700B7EC3C /* main.m in Sources */ = {isa = PBXBuildFile; fileRef = 77C7F58924699A7700B7EC3C /* main.m */; };
		D66E05132499215A00B1A91D /* AppDelegate.swift in Sources */ = {isa = PBXBuildFile; fileRef = D66E05122499215A00B1A91D /* AppDelegate.swift */; };
		D66E05152499215A00B1A91D /* SceneDelegate.swift in Sources */ = {isa = PBXBuildFile; fileRef = D66E05142499215A00B1A91D /* SceneDelegate.swift */; };
		D66E05172499215A00B1A91D /* ViewController.swift in Sources */ = {isa = PBXBuildFile; fileRef = D66E05162499215A00B1A91D /* ViewController.swift */; };
		D66E051A2499215A00B1A91D /* Main.storyboard in Resources */ = {isa = PBXBuildFile; fileRef = D66E05182499215A00B1A91D /* Main.storyboard */; };
		D66E051C2499215C00B1A91D /* Assets.xcassets in Resources */ = {isa = PBXBuildFile; fileRef = D66E051B2499215C00B1A91D /* Assets.xcassets */; };
		D66E051F2499215C00B1A91D /* LaunchScreen.storyboard in Resources */ = {isa = PBXBuildFile; fileRef = D66E051D2499215C00B1A91D /* LaunchScreen.storyboard */; };
		D66E05272499219700B1A91D /* OC.m in Sources */ = {isa = PBXBuildFile; fileRef = D66E05262499219700B1A91D /* OC.m */; };
/* End PBXBuildFile section */

/* Begin PBXFileReference section */
		77C7F57A24699A7600B7EC3C /* Demo.app */ = {isa = PBXFileReference; explicitFileType = wrapper.application; includeInIndex = 0; path = Demo.app; sourceTree = BUILT_PRODUCTS_DIR; };
		77C7F57D24699A7600B7EC3C /* AppDelegate.h */ = {isa = PBXFileReference; lastKnownFileType = sourcecode.c.h; path = AppDelegate.h; sourceTree = "<group>"; };
		77C7F57E24699A7600B7EC3C /* AppDelegate.m */ = {isa = PBXFileReference; lastKnownFileType = sourcecode.c.objc; path = AppDelegate.m; sourceTree = "<group>"; };
		77C7F58024699A7600B7EC3C /* ViewController.h */ = {isa = PBXFileReference; lastKnownFileType = sourcecode.c.h; path = ViewController.h; sourceTree = "<group>"; };
		77C7F58124699A7600B7EC3C /* ViewController.m */ = {isa = PBXFileReference; lastKnownFileType = sourcecode.c.objc; path = ViewController.m; sourceTree = "<group>"; };
		77C7F58324699A7700B7EC3C /* Assets.xcassets */ = {isa = PBXFileReference; lastKnownFileType = folder.assetcatalog; path = Assets.xcassets; sourceTree = "<group>"; };
		77C7F58624699A7700B7EC3C /* Base */ = {isa = PBXFileReference; lastKnownFileType = file.storyboard; name = Base; path = Base.lproj/Main.storyboard; sourceTree = "<group>"; };
		77C7F58824699A7700B7EC3C /* Info.plist */ = {isa = PBXFileReference; lastKnownFileType = text.plist.xml; path = Info.plist; sourceTree = "<group>"; };
		77C7F58924699A7700B7EC3C /* main.m */ = {isa = PBXFileReference; lastKnownFileType = sourcecode.c.objc; path = main.m; sourceTree = "<group>"; };
		77C7F58B24699A7700B7EC3C /* Demo.entitlements */ = {isa = PBXFileReference; lastKnownFileType = text.plist.entitlements; path = Demo.entitlements; sourceTree = "<group>"; };
		D66E05102499215A00B1A91D /* UTI.app */ = {isa = PBXFileReference; explicitFileType = wrapper.application; includeInIndex = 0; path = UTI.app; sourceTree = BUILT_PRODUCTS_DIR; };
		D66E05122499215A00B1A91D /* AppDelegate.swift */ = {isa = PBXFileReference; lastKnownFileType = sourcecode.swift; path = AppDelegate.swift; sourceTree = "<group>"; };
		D66E05142499215A00B1A91D /* SceneDelegate.swift */ = {isa = PBXFileReference; lastKnownFileType = sourcecode.swift; path = SceneDelegate.swift; sourceTree = "<group>"; };
		D66E05162499215A00B1A91D /* ViewController.swift */ = {isa = PBXFileReference; lastKnownFileType = sourcecode.swift; path = ViewController.swift; sourceTree = "<group>"; };
		D66E05192499215A00B1A91D /* Base */ = {isa = PBXFileReference; lastKnownFileType = file.storyboard; name = Base; path = Base.lproj/Main.storyboard; sourceTree = "<group>"; };
		D66E051B2499215C00B1A91D /* Assets.xcassets */ = {isa = PBXFileReference; lastKnownFileType = folder.assetcatalog; path = Assets.xcassets; sourceTree = "<group>"; };
		D66E051E2499215C00B1A91D /* Base */ = {isa = PBXFileReference; lastKnownFileType = file.storyboard; name = Base; path = Base.lproj/LaunchScreen.storyboard; sourceTree = "<group>"; };
		D66E05202499215C00B1A91D /* Info.plist */ = {isa = PBXFileReference; lastKnownFileType = text.plist.xml; path = Info.plist; sourceTree = "<group>"; };
		D66E05242499219700B1A91D /* UTI-Bridging-Header.h */ = {isa = PBXFileReference; lastKnownFileType = sourcecode.c.h; path = "UTI-Bridging-Header.h"; sourceTree = "<group>"; };
		D66E05252499219700B1A91D /* OC.h */ = {isa = PBXFileReference; lastKnownFileType = sourcecode.c.h; path = OC.h; sourceTree = "<group>"; };
		D66E05262499219700B1A91D /* OC.m */ = {isa = PBXFileReference; lastKnownFileType = sourcecode.c.objc; path = OC.m; sourceTree = "<group>"; };
/* End PBXFileReference section */

/* Begin PBXFrameworksBuildPhase section */
		77C7F57724699A7600B7EC3C /* Frameworks */ = {
			isa = PBXFrameworksBuildPhase;
			buildActionMask = 2147483647;
			files = (
			);
			runOnlyForDeploymentPostprocessing = 0;
		};
		D66E050D2499215A00B1A91D /* Frameworks */ = {
			isa = PBXFrameworksBuildPhase;
			buildActionMask = 2147483647;
			files = (
			);
			runOnlyForDeploymentPostprocessing = 0;
		};
/* End PBXFrameworksBuildPhase section */

/* Begin PBXGroup section */
		77C7F57124699A7600B7EC3C = {
			isa = PBXGroup;
			children = (
				77C7F57C24699A7600B7EC3C /* Demo */,
				D66E05112499215A00B1A91D /* UTI */,
				77C7F57B24699A7600B7EC3C /* Products */,
			);
			sourceTree = "<group>";
		};
		77C7F57B24699A7600B7EC3C /* Products */ = {
			isa = PBXGroup;
			children = (
				77C7F57A24699A7600B7EC3C /* Demo.app */,
				D66E05102499215A00B1A91D /* UTI.app */,
			);
			name = Products;
			sourceTree = "<group>";
		};
		77C7F57C24699A7600B7EC3C /* Demo */ = {
			isa = PBXGroup;
			children = (
				77C7F57D24699A7600B7EC3C /* AppDelegate.h */,
				77C7F57E24699A7600B7EC3C /* AppDelegate.m */,
				77C7F58024699A7600B7EC3C /* ViewController.h */,
				77C7F58124699A7600B7EC3C /* ViewController.m */,
				77C7F58324699A7700B7EC3C /* Assets.xcassets */,
				77C7F58524699A7700B7EC3C /* Main.storyboard */,
				77C7F58824699A7700B7EC3C /* Info.plist */,
				77C7F58924699A7700B7EC3C /* main.m */,
				77C7F58B24699A7700B7EC3C /* Demo.entitlements */,
			);
			path = Demo;
			sourceTree = "<group>";
		};
		D66E05112499215A00B1A91D /* UTI */ = {
			isa = PBXGroup;
			children = (
				D66E05122499215A00B1A91D /* AppDelegate.swift */,
				D66E05142499215A00B1A91D /* SceneDelegate.swift */,
				D66E05162499215A00B1A91D /* ViewController.swift */,
				D66E05182499215A00B1A91D /* Main.storyboard */,
				D66E051B2499215C00B1A91D /* Assets.xcassets */,
				D66E051D2499215C00B1A91D /* LaunchScreen.storyboard */,
				D66E05202499215C00B1A91D /* Info.plist */,
				D66E05252499219700B1A91D /* OC.h */,
				D66E05262499219700B1A91D /* OC.m */,
				D66E05242499219700B1A91D /* UTI-Bridging-Header.h */,
			);
			path = UTI;
			sourceTree = "<group>";
		};
/* End PBXGroup section */

/* Begin PBXNativeTarget section */
		77C7F57924699A7600B7EC3C /* Demo */ = {
			isa = PBXNativeTarget;
			buildConfigurationList = 77C7F58E24699A7700B7EC3C /* Build configuration list for PBXNativeTarget "Demo" */;
			buildPhases = (
				77C7F57624699A7600B7EC3C /* Sources */,
				77C7F57724699A7600B7EC3C /* Frameworks */,
				77C7F57824699A7600B7EC3C /* Resources */,
			);
			buildRules = (
			);
			dependencies = (
			);
			name = Demo;
			productName = Demo;
			productReference = 77C7F57A24699A7600B7EC3C /* Demo.app */;
			productType = "com.apple.product-type.application";
		};
		D66E050F2499215A00B1A91D /* UTI */ = {
			isa = PBXNativeTarget;
			buildConfigurationList = D66E05232499215C00B1A91D /* Build configuration list for PBXNativeTarget "UTI" */;
			buildPhases = (
				D66E050C2499215A00B1A91D /* Sources */,
				D66E050D2499215A00B1A91D /* Frameworks */,
				D66E050E2499215A00B1A91D /* Resources */,
			);
			buildRules = (
			);
			dependencies = (
			);
			name = UTI;
			productName = UTI;
			productReference = D66E05102499215A00B1A91D /* UTI.app */;
			productType = "com.apple.product-type.application";
		};
/* End PBXNativeTarget section */

/* Begin PBXProject section */
		77C7F57224699A7600B7EC3C /* Project object */ = {
			isa = PBXProject;
			attributes = {
				LastSwiftUpdateCheck = 1110;
				LastUpgradeCheck = 1000;
				ORGANIZATIONNAME = clf;
				TargetAttributes = {
					77C7F57924699A7600B7EC3C = {
						CreatedOnToolsVersion = 10.0;
					};
					D66E050F2499215A00B1A91D = {
						CreatedOnToolsVersion = 11.1;
						LastSwiftMigration = 1110;
					};
				};
			};
			buildConfigurationList = 77C7F57524699A7600B7EC3C /* Build configuration list for PBXProject "Demo" */;
			compatibilityVersion = "Xcode 9.3";
			developmentRegion = en;
			hasScannedForEncodings = 0;
			knownRegions = (
				en,
				Base,
			);
			mainGroup = 77C7F57124699A7600B7EC3C;
			productRefGroup = 77C7F57B24699A7600B7EC3C /* Products */;
			projectDirPath = "";
			projectRoot = "";
			targets = (
				77C7F57924699A7600B7EC3C /* Demo */,
				D66E050F2499215A00B1A91D /* UTI */,
			);
		};
/* End PBXProject section */

/* Begin PBXResourcesBuildPhase section */
		77C7F57824699A7600B7EC3C /* Resources */ = {
			isa = PBXResourcesBuildPhase;
			buildActionMask = 2147483647;
			files = (
				77C7F58424699A7700B7EC3C /* Assets.xcassets in Resources */,
				77C7F58724699A7700B7EC3C /* Main.storyboard in Resources */,
			);
			runOnlyForDeploymentPostprocessing = 0;
		};
		D66E050E2499215A00B1A91D /* Resources */ = {
			isa = PBXResourcesBuildPhase;
			buildActionMask = 2147483647;
			files = (
				D66E051F2499215C00B1A91D /* LaunchScreen.storyboard in Resources */,
				D66E051C2499215C00B1A91D /* Assets.xcassets in Resources */,
				D66E051A2499215A00B1A91D /* Main.storyboard in Resources */,
			);
			runOnlyForDeploymentPostprocessing = 0;
		};
/* End PBXResourcesBuildPhase section */

/* Begin PBXSourcesBuildPhase section */
		77C7F57624699A7600B7EC3C /* Sources */ = {
			isa = PBXSourcesBuildPhase;
			buildActionMask = 2147483647;
			files = (
				77C7F58224699A7600B7EC3C /* ViewController.m in Sources */,
				77C7F58A24699A7700B7EC3C /* main.m in Sources */,
				77C7F57F24699A7600B7EC3C /* AppDelegate.m in Sources */,
			);
			runOnlyForDeploymentPostprocessing = 0;
		};
		D66E050C2499215A00B1A91D /* Sources */ = {
			isa = PBXSourcesBuildPhase;
			buildActionMask = 2147483647;
			files = (
				D66E05172499215A00B1A91D /* ViewController.swift in Sources */,
				D66E05272499219700B1A91D /* OC.m in Sources */,
				D66E05132499215A00B1A91D /* AppDelegate.swift in Sources */,
				D66E05152499215A00B1A91D /* SceneDelegate.swift in Sources */,
			);
			runOnlyForDeploymentPostprocessing = 0;
		};
/* End PBXSourcesBuildPhase section */

/* Begin PBXVariantGroup section */
		77C7F58524699A7700B7EC3C /* Main.storyboard */ = {
			isa = PBXVariantGroup;
			children = (
				77C7F58624699A7700B7EC3C /* Base */,
			);
			name = Main.storyboard;
			sourceTree = "<group>";
		};
		D66E05182499215A00B1A91D /* Main.storyboard */ = {
			isa = PBXVariantGroup;
			children = (
				D66E05192499215A00B1A91D /* Base */,
			);
			name = Main.storyboard;
			sourceTree = "<group>";
		};
		D66E051D2499215C00B1A91D /* LaunchScreen.storyboard */ = {
			isa = PBXVariantGroup;
			children = (
				D66E051E2499215C00B1A91D /* Base */,
			);
			name = LaunchScreen.storyboard;
			sourceTree = "<group>";
		};
/* End PBXVariantGroup section */

/* Begin XCBuildConfiguration section */
		77C7F58C24699A7700B7EC3C /* Debug */ = {
			isa = XCBuildConfiguration;
			buildSettings = {
				ALWAYS_SEARCH_USER_PATHS = NO;
				CLANG_ANALYZER_NONNULL = YES;
				CLANG_ANALYZER_NUMBER_OBJECT_CONVERSION = YES_AGGRESSIVE;
				CLANG_CXX_LANGUAGE_STANDARD = "gnu++14";
				CLANG_CXX_LIBRARY = "libc++";
				CLANG_ENABLE_MODULES = YES;
				CLANG_ENABLE_OBJC_ARC = YES;
				CLANG_ENABLE_OBJC_WEAK = YES;
				CLANG_WARN_BLOCK_CAPTURE_AUTORELEASING = YES;
				CLANG_WARN_BOOL_CONVERSION = YES;
				CLANG_WARN_COMMA = YES;
				CLANG_WARN_CONSTANT_CONVERSION = YES;
				CLANG_WARN_DEPRECATED_OBJC_IMPLEMENTATIONS = YES;
				CLANG_WARN_DIRECT_OBJC_ISA_USAGE = YES_ERROR;
				CLANG_WARN_DOCUMENTATION_COMMENTS = YES;
				CLANG_WARN_EMPTY_BODY = YES;
				CLANG_WARN_ENUM_CONVERSION = YES;
				CLANG_WARN_INFINITE_RECURSION = YES;
				CLANG_WARN_INT_CONVERSION = YES;
				CLANG_WARN_NON_LITERAL_NULL_CONVERSION = YES;
				CLANG_WARN_OBJC_IMPLICIT_RETAIN_SELF = YES;
				CLANG_WARN_OBJC_LITERAL_CONVERSION = YES;
				CLANG_WARN_OBJC_ROOT_CLASS = YES_ERROR;
				CLANG_WARN_RANGE_LOOP_ANALYSIS = YES;
				CLANG_WARN_STRICT_PROTOTYPES = YES;
				CLANG_WARN_SUSPICIOUS_MOVE = YES;
				CLANG_WARN_UNGUARDED_AVAILABILITY = YES_AGGRESSIVE;
				CLANG_WARN_UNREACHABLE_CODE = YES;
				CLANG_WARN__DUPLICATE_METHOD_MATCH = YES;
				CODE_SIGN_IDENTITY = "-";
				COPY_PHASE_STRIP = NO;
				DEBUG_INFORMATION_FORMAT = dwarf;
				ENABLE_STRICT_OBJC_MSGSEND = YES;
				ENABLE_TESTABILITY = YES;
				GCC_C_LANGUAGE_STANDARD = gnu11;
				GCC_DYNAMIC_NO_PIC = NO;
				GCC_NO_COMMON_BLOCKS = YES;
				GCC_OPTIMIZATION_LEVEL = 0;
				GCC_PREPROCESSOR_DEFINITIONS = (
					"DEBUG=1",
					"$(inherited)",
				);
				GCC_WARN_64_TO_32_BIT_CONVERSION = YES;
				GCC_WARN_ABOUT_RETURN_TYPE = YES_ERROR;
				GCC_WARN_UNDECLARED_SELECTOR = YES;
				GCC_WARN_UNINITIALIZED_AUTOS = YES_AGGRESSIVE;
				GCC_WARN_UNUSED_FUNCTION = YES;
				GCC_WARN_UNUSED_VARIABLE = YES;
				MACOSX_DEPLOYMENT_TARGET = 10.14;
				MTL_ENABLE_DEBUG_INFO = INCLUDE_SOURCE;
				MTL_FAST_MATH = YES;
				ONLY_ACTIVE_ARCH = YES;
				SDKROOT = macosx;
			};
			name = Debug;
		};
		77C7F58D24699A7700B7EC3C /* Release */ = {
			isa = XCBuildConfiguration;
			buildSettings = {
				ALWAYS_SEARCH_USER_PATHS = NO;
				CLANG_ANALYZER_NONNULL = YES;
				CLANG_ANALYZER_NUMBER_OBJECT_CONVERSION = YES_AGGRESSIVE;
				CLANG_CXX_LANGUAGE_STANDARD = "gnu++14";
				CLANG_CXX_LIBRARY = "libc++";
				CLANG_ENABLE_MODULES = YES;
				CLANG_ENABLE_OBJC_ARC = YES;
				CLANG_ENABLE_OBJC_WEAK = YES;
				CLANG_WARN_BLOCK_CAPTURE_AUTORELEASING = YES;
				CLANG_WARN_BOOL_CONVERSION = YES;
				CLANG_WARN_COMMA = YES;
				CLANG_WARN_CONSTANT_CONVERSION = YES;
				CLANG_WARN_DEPRECATED_OBJC_IMPLEMENTATIONS = YES;
				CLANG_WARN_DIRECT_OBJC_ISA_USAGE = YES_ERROR;
				CLANG_WARN_DOCUMENTATION_COMMENTS = YES;
				CLANG_WARN_EMPTY_BODY = YES;
				CLANG_WARN_ENUM_CONVERSION = YES;
				CLANG_WARN_INFINITE_RECURSION = YES;
				CLANG_WARN_INT_CONVERSION = YES;
				CLANG_WARN_NON_LITERAL_NULL_CONVERSION = YES;
				CLANG_WARN_OBJC_IMPLICIT_RETAIN_SELF = YES;
				CLANG_WARN_OBJC_LITERAL_CONVERSION = YES;
				CLANG_WARN_OBJC_ROOT_CLASS = YES_ERROR;
				CLANG_WARN_RANGE_LOOP_ANALYSIS = YES;
				CLANG_WARN_STRICT_PROTOTYPES = YES;
				CLANG_WARN_SUSPICIOUS_MOVE = YES;
				CLANG_WARN_UNGUARDED_AVAILABILITY = YES_AGGRESSIVE;
				CLANG_WARN_UNREACHABLE_CODE = YES;
				CLANG_WARN__DUPLICATE_METHOD_MATCH = YES;
				CODE_SIGN_IDENTITY = "-";
				COPY_PHASE_STRIP = NO;
				DEBUG_INFORMATION_FORMAT = "dwarf-with-dsym";
				ENABLE_NS_ASSERTIONS = NO;
				ENABLE_STRICT_OBJC_MSGSEND = YES;
				GCC_C_LANGUAGE_STANDARD = gnu11;
				GCC_NO_COMMON_BLOCKS = YES;
				GCC_WARN_64_TO_32_BIT_CONVERSION = YES;
				GCC_WARN_ABOUT_RETURN_TYPE = YES_ERROR;
				GCC_WARN_UNDECLARED_SELECTOR = YES;
				GCC_WARN_UNINITIALIZED_AUTOS = YES_AGGRESSIVE;
				GCC_WARN_UNUSED_FUNCTION = YES;
				GCC_WARN_UNUSED_VARIABLE = YES;
				MACOSX_DEPLOYMENT_TARGET = 10.14;
				MTL_ENABLE_DEBUG_INFO = NO;
				MTL_FAST_MATH = YES;
				SDKROOT = macosx;
			};
			name = Release;
		};
		77C7F58F24699A7700B7EC3C /* Debug */ = {
			isa = XCBuildConfiguration;
			buildSettings = {
				ASSETCATALOG_COMPILER_APPICON_NAME = AppIcon;
				CODE_SIGN_ENTITLEMENTS = Demo/Demo.entitlements;
				CODE_SIGN_STYLE = Automatic;
				COMBINE_HIDPI_IMAGES = YES;
				INFOPLIST_FILE = Demo/Info.plist;
				LD_RUNPATH_SEARCH_PATHS = (
					"$(inherited)",
					"@executable_path/../Frameworks",
				);
				PRODUCT_BUNDLE_IDENTIFIER = demo.com.Demo;
				PRODUCT_NAME = "$(TARGET_NAME)";
			};
			name = Debug;
		};
		77C7F59024699A7700B7EC3C /* Release */ = {
			isa = XCBuildConfiguration;
			buildSettings = {
				ASSETCATALOG_COMPILER_APPICON_NAME = AppIcon;
				CODE_SIGN_ENTITLEMENTS = Demo/Demo.entitlements;
				CODE_SIGN_STYLE = Automatic;
				COMBINE_HIDPI_IMAGES = YES;
				INFOPLIST_FILE = Demo/Info.plist;
				LD_RUNPATH_SEARCH_PATHS = (
					"$(inherited)",
					"@executable_path/../Frameworks",
				);
				PRODUCT_BUNDLE_IDENTIFIER = demo.com.Demo;
				PRODUCT_NAME = "$(TARGET_NAME)";
			};
			name = Release;
		};
		D66E05212499215C00B1A91D /* Debug */ = {
			isa = XCBuildConfiguration;
			buildSettings = {
				ASSETCATALOG_COMPILER_APPICON_NAME = AppIcon;
				CLANG_ENABLE_MODULES = YES;
				CODE_SIGN_STYLE = Automatic;
				DEVELOPMENT_TEAM = J97FN9Y7WR;
				INFOPLIST_FILE = UTI/Info.plist;
				IPHONEOS_DEPLOYMENT_TARGET = 13.1;
				LD_RUNPATH_SEARCH_PATHS = (
					"$(inherited)",
					"@executable_path/Frameworks",
				);
				PRODUCT_BUNDLE_IDENTIFIER = com.angfung.UTI;
				PRODUCT_NAME = "$(TARGET_NAME)";
				SDKROOT = iphoneos;
				SWIFT_ACTIVE_COMPILATION_CONDITIONS = DEBUG;
				SWIFT_OBJC_BRIDGING_HEADER = "UTI/UTI-Bridging-Header.h";
				SWIFT_OPTIMIZATION_LEVEL = "-Onone";
				SWIFT_VERSION = 5.0;
				TARGETED_DEVICE_FAMILY = "1,2";
			};
			name = Debug;
		};
		D66E05222499215C00B1A91D /* Release */ = {
			isa = XCBuildConfiguration;
			buildSettings = {
				ASSETCATALOG_COMPILER_APPICON_NAME = AppIcon;
				CLANG_ENABLE_MODULES = YES;
				CODE_SIGN_STYLE = Automatic;
				DEVELOPMENT_TEAM = J97FN9Y7WR;
				INFOPLIST_FILE = UTI/Info.plist;
				IPHONEOS_DEPLOYMENT_TARGET = 13.1;
				LD_RUNPATH_SEARCH_PATHS = (
					"$(inherited)",
					"@executable_path/Frameworks",
				);
				PRODUCT_BUNDLE_IDENTIFIER = com.angfung.UTI;
				PRODUCT_NAME = "$(TARGET_NAME)";
				SDKROOT = iphoneos;
				SWIFT_COMPILATION_MODE = wholemodule;
				SWIFT_OBJC_BRIDGING_HEADER = "UTI/UTI-Bridging-Header.h";
				SWIFT_OPTIMIZATION_LEVEL = "-O";
				SWIFT_VERSION = 5.0;
				TARGETED_DEVICE_FAMILY = "1,2";
				VALIDATE_PRODUCT = YES;
			};
			name = Release;
		};
/* End XCBuildConfiguration section */

/* Begin XCConfigurationList section */
		77C7F57524699A7600B7EC3C /* Build configuration list for PBXProject "Demo" */ = {
			isa = XCConfigurationList;
			buildConfigurations = (
				77C7F58C24699A7700B7EC3C /* Debug */,
				77C7F58D24699A7700B7EC3C /* Release */,
			);
			defaultConfigurationIsVisible = 0;
			defaultConfigurationName = Release;
		};
		77C7F58E24699A7700B7EC3C /* Build configuration list for PBXNativeTarget "Demo" */ = {
			isa = XCConfigurationList;
			buildConfigurations = (
				77C7F58F24699A7700B7EC3C /* Debug */,
				77C7F59024699A7700B7EC3C /* Release */,
			);
			defaultConfigurationIsVisible = 0;
			defaultConfigurationName = Release;
		};
		D66E05232499215C00B1A91D /* Build configuration list for PBXNativeTarget "UTI" */ = {
			isa = XCConfigurationList;
			buildConfigurations = (
				D66E05212499215C00B1A91D /* Debug */,
				D66E05222499215C00B1A91D /* Release */,
			);
			defaultConfigurationIsVisible = 0;
			defaultConfigurationName = Release;
		};
/* End XCConfigurationList section */
	};
	rootObject = 77C7F57224699A7600B7EC3C /* Project object */;
}
