// !$*UTF8*$!
{
	archiveVersion = 1;
	classes = {
	};
	objectVersion = 50;
	objects = {

/* Begin PBXBuildFile section */
		D66E04E0248A878400B1A91D /* main.c in Sources */ = {isa = PBXBuildFile; fileRef = D66E04DF248A878400B1A91D /* main.c */; };
		D6F4A3C0248A71F7007923C9 /* main.m in Sources */ = {isa = PBXBuildFile; fileRef = D6F4A3BF248A71F7007923C9 /* main.m */; };
		D6F4A3CC248B669F007923C9 /* XCoreCollection.c in Sources */ = {isa = PBXBuildFile; fileRef = D6F4A3CB248B669F007923C9 /* XCoreCollection.c */; };
/* End PBXBuildFile section */

/* Begin PBXCopyFilesBuildPhase section */
		D66E04DB248A878400B1A91D /* CopyFiles */ = {
			isa = PBXCopyFilesBuildPhase;
			buildActionMask = 2147483647;
			dstPath = /usr/share/man/man1/;
			dstSubfolderSpec = 0;
			files = (
			);
			runOnlyForDeploymentPostprocessing = 1;
		};
		D6F4A3BA248A71F7007923C9 /* CopyFiles */ = {
			isa = PBXCopyFilesBuildPhase;
			buildActionMask = 2147483647;
			dstPath = /usr/share/man/man1/;
			dstSubfolderSpec = 0;
			files = (
			);
			runOnlyForDeploymentPostprocessing = 1;
		};
/* End PBXCopyFilesBuildPhase section */

/* Begin PBXFileReference section */
		D66E04DD248A878400B1A91D /* XCoreCollection */ = {isa = PBXFileReference; explicitFileType = "compiled.mach-o.executable"; includeInIndex = 0; path = XCoreCollection; sourceTree = BUILT_PRODUCTS_DIR; };
		D66E04DF248A878400B1A91D /* main.c */ = {isa = PBXFileReference; lastKnownFileType = sourcecode.c.c; path = main.c; sourceTree = "<group>"; };
		D6F4A3BC248A71F7007923C9 /* CircularBuffer */ = {isa = PBXFileReference; explicitFileType = "compiled.mach-o.executable"; includeInIndex = 0; path = CircularBuffer; sourceTree = BUILT_PRODUCTS_DIR; };
		D6F4A3BF248A71F7007923C9 /* main.m */ = {isa = PBXFileReference; lastKnownFileType = sourcecode.c.objc; path = main.m; sourceTree = "<group>"; };
		D6F4A3C7248B664B007923C9 /* CXTargetConditionals.h */ = {isa = PBXFileReference; fileEncoding = 4; lastKnownFileType = sourcecode.c.h; name = CXTargetConditionals.h; path = ../../../Sources/CX/include/CXTargetConditionals.h; sourceTree = "<group>"; };
		D6F4A3C8248B664B007923C9 /* XType.h */ = {isa = PBXFileReference; fileEncoding = 4; lastKnownFileType = sourcecode.c.h; name = XType.h; path = ../../../Sources/CX/include/XType.h; sourceTree = "<group>"; };
		D6F4A3CA248B669F007923C9 /* XCoreCollection.h */ = {isa = PBXFileReference; fileEncoding = 4; lastKnownFileType = sourcecode.c.h; path = XCoreCollection.h; sourceTree = "<group>"; };
		D6F4A3CB248B669F007923C9 /* XCoreCollection.c */ = {isa = PBXFileReference; fileEncoding = 4; lastKnownFileType = sourcecode.c.c; path = XCoreCollection.c; sourceTree = "<group>"; };
/* End PBXFileReference section */

/* Begin PBXFrameworksBuildPhase section */
		D66E04DA248A878400B1A91D /* Frameworks */ = {
			isa = PBXFrameworksBuildPhase;
			buildActionMask = 2147483647;
			files = (
			);
			runOnlyForDeploymentPostprocessing = 0;
		};
		D6F4A3B9248A71F7007923C9 /* Frameworks */ = {
			isa = PBXFrameworksBuildPhase;
			buildActionMask = 2147483647;
			files = (
			);
			runOnlyForDeploymentPostprocessing = 0;
		};
/* End PBXFrameworksBuildPhase section */

/* Begin PBXGroup section */
		D66E04DE248A878400B1A91D /* XCoreCollection */ = {
			isa = PBXGroup;
			children = (
				D6F4A3C9248B669F007923C9 /* CoreCollection */,
				D66E04EA248AABD200B1A91D /* Base */,
				D66E04DF248A878400B1A91D /* main.c */,
			);
			path = XCoreCollection;
			sourceTree = "<group>";
		};
		D66E04EA248AABD200B1A91D /* Base */ = {
			isa = PBXGroup;
			children = (
				D6F4A3C7248B664B007923C9 /* CXTargetConditionals.h */,
				D6F4A3C8248B664B007923C9 /* XType.h */,
			);
			path = Base;
			sourceTree = "<group>";
		};
		D6F4A3B3248A71F7007923C9 = {
			isa = PBXGroup;
			children = (
				D6F4A3BE248A71F7007923C9 /* CircularBuffer */,
				D66E04DE248A878400B1A91D /* XCoreCollection */,
				D6F4A3BD248A71F7007923C9 /* Products */,
			);
			sourceTree = "<group>";
		};
		D6F4A3BD248A71F7007923C9 /* Products */ = {
			isa = PBXGroup;
			children = (
				D6F4A3BC248A71F7007923C9 /* CircularBuffer */,
				D66E04DD248A878400B1A91D /* XCoreCollection */,
			);
			name = Products;
			sourceTree = "<group>";
		};
		D6F4A3BE248A71F7007923C9 /* CircularBuffer */ = {
			isa = PBXGroup;
			children = (
				D6F4A3BF248A71F7007923C9 /* main.m */,
			);
			path = CircularBuffer;
			sourceTree = "<group>";
		};
		D6F4A3C9248B669F007923C9 /* CoreCollection */ = {
			isa = PBXGroup;
			children = (
				D6F4A3CA248B669F007923C9 /* XCoreCollection.h */,
				D6F4A3CB248B669F007923C9 /* XCoreCollection.c */,
			);
			name = CoreCollection;
			path = ../../Sources/CX/CoreCollection;
			sourceTree = "<group>";
		};
/* End PBXGroup section */

/* Begin PBXNativeTarget section */
		D66E04DC248A878400B1A91D /* XCoreCollection */ = {
			isa = PBXNativeTarget;
			buildConfigurationList = D66E04E3248A878400B1A91D /* Build configuration list for PBXNativeTarget "XCoreCollection" */;
			buildPhases = (
				D66E04D9248A878400B1A91D /* Sources */,
				D66E04DA248A878400B1A91D /* Frameworks */,
				D66E04DB248A878400B1A91D /* CopyFiles */,
			);
			buildRules = (
			);
			dependencies = (
			);
			name = XCoreCollection;
			productName = XCoreCollection;
			productReference = D66E04DD248A878400B1A91D /* XCoreCollection */;
			productType = "com.apple.product-type.tool";
		};
		D6F4A3BB248A71F7007923C9 /* CircularBuffer */ = {
			isa = PBXNativeTarget;
			buildConfigurationList = D6F4A3C3248A71F7007923C9 /* Build configuration list for PBXNativeTarget "CircularBuffer" */;
			buildPhases = (
				D6F4A3B8248A71F7007923C9 /* Sources */,
				D6F4A3B9248A71F7007923C9 /* Frameworks */,
				D6F4A3BA248A71F7007923C9 /* CopyFiles */,
			);
			buildRules = (
			);
			dependencies = (
			);
			name = CircularBuffer;
			productName = CircularBuffer;
			productReference = D6F4A3BC248A71F7007923C9 /* CircularBuffer */;
			productType = "com.apple.product-type.tool";
		};
/* End PBXNativeTarget section */

/* Begin PBXProject section */
		D6F4A3B4248A71F7007923C9 /* Project object */ = {
			isa = PBXProject;
			attributes = {
				LastUpgradeCheck = 1140;
				ORGANIZATIONNAME = haoqi;
				TargetAttributes = {
					D66E04DC248A878400B1A91D = {
						CreatedOnToolsVersion = 11.1;
					};
					D6F4A3BB248A71F7007923C9 = {
						CreatedOnToolsVersion = 11.4.1;
					};
				};
			};
			buildConfigurationList = D6F4A3B7248A71F7007923C9 /* Build configuration list for PBXProject "CircularBuffer" */;
			compatibilityVersion = "Xcode 9.3";
			developmentRegion = en;
			hasScannedForEncodings = 0;
			knownRegions = (
				en,
				Base,
			);
			mainGroup = D6F4A3B3248A71F7007923C9;
			productRefGroup = D6F4A3BD248A71F7007923C9 /* Products */;
			projectDirPath = "";
			projectRoot = "";
			targets = (
				D6F4A3BB248A71F7007923C9 /* CircularBuffer */,
				D66E04DC248A878400B1A91D /* XCoreCollection */,
			);
		};
/* End PBXProject section */

/* Begin PBXSourcesBuildPhase section */
		D66E04D9248A878400B1A91D /* Sources */ = {
			isa = PBXSourcesBuildPhase;
			buildActionMask = 2147483647;
			files = (
				D66E04E0248A878400B1A91D /* main.c in Sources */,
				D6F4A3CC248B669F007923C9 /* XCoreCollection.c in Sources */,
			);
			runOnlyForDeploymentPostprocessing = 0;
		};
		D6F4A3B8248A71F7007923C9 /* Sources */ = {
			isa = PBXSourcesBuildPhase;
			buildActionMask = 2147483647;
			files = (
				D6F4A3C0248A71F7007923C9 /* main.m in Sources */,
			);
			runOnlyForDeploymentPostprocessing = 0;
		};
/* End PBXSourcesBuildPhase section */

/* Begin XCBuildConfiguration section */
		D66E04E1248A878400B1A91D /* Debug */ = {
			isa = XCBuildConfiguration;
			buildSettings = {
				CODE_SIGN_STYLE = Automatic;
				DEVELOPMENT_TEAM = J97FN9Y7WR;
				ENABLE_HARDENED_RUNTIME = YES;
				PRODUCT_NAME = "$(TARGET_NAME)";
			};
			name = Debug;
		};
		D66E04E2248A878400B1A91D /* Release */ = {
			isa = XCBuildConfiguration;
			buildSettings = {
				CODE_SIGN_STYLE = Automatic;
				DEVELOPMENT_TEAM = J97FN9Y7WR;
				ENABLE_HARDENED_RUNTIME = YES;
				PRODUCT_NAME = "$(TARGET_NAME)";
			};
			name = Release;
		};
		D6F4A3C1248A71F7007923C9 /* Debug */ = {
			isa = XCBuildConfiguration;
			buildSettings = {
				ALWAYS_SEARCH_USER_PATHS = NO;
				CLANG_ANALYZER_NONNULL = YES;
				CLANG_ANALYZER_NUMBER_OBJECT_CONVERSION = YES_AGGRESSIVE;
				CLANG_CXX_LANGUAGE_STANDARD = "gnu++14";
				CLANG_CXX_LIBRARY = "libc++";
				CLANG_ENABLE_MODULES = YES;
				CLANG_ENABLE_OBJC_ARC = YES;
				CLANG_ENABLE_OBJC_WEAK = YES;
				CLANG_WARN_BLOCK_CAPTURE_AUTORELEASING = YES;
				CLANG_WARN_BOOL_CONVERSION = YES;
				CLANG_WARN_COMMA = YES;
				CLANG_WARN_CONSTANT_CONVERSION = YES;
				CLANG_WARN_DEPRECATED_OBJC_IMPLEMENTATIONS = YES;
				CLANG_WARN_DIRECT_OBJC_ISA_USAGE = YES_ERROR;
				CLANG_WARN_DOCUMENTATION_COMMENTS = YES;
				CLANG_WARN_EMPTY_BODY = YES;
				CLANG_WARN_ENUM_CONVERSION = YES;
				CLANG_WARN_INFINITE_RECURSION = YES;
				CLANG_WARN_INT_CONVERSION = YES;
				CLANG_WARN_NON_LITERAL_NULL_CONVERSION = YES;
				CLANG_WARN_OBJC_IMPLICIT_RETAIN_SELF = YES;
				CLANG_WARN_OBJC_LITERAL_CONVERSION = YES;
				CLANG_WARN_OBJC_ROOT_CLASS = YES_ERROR;
				CLANG_WARN_RANGE_LOOP_ANALYSIS = YES;
				CLANG_WARN_STRICT_PROTOTYPES = YES;
				CLANG_WARN_SUSPICIOUS_MOVE = YES;
				CLANG_WARN_UNGUARDED_AVAILABILITY = YES_AGGRESSIVE;
				CLANG_WARN_UNREACHABLE_CODE = YES;
				CLANG_WARN__DUPLICATE_METHOD_MATCH = YES;
				COPY_PHASE_STRIP = NO;
				DEBUG_INFORMATION_FORMAT = dwarf;
				ENABLE_STRICT_OBJC_MSGSEND = YES;
				ENABLE_TESTABILITY = YES;
				GCC_C_LANGUAGE_STANDARD = gnu11;
				GCC_DYNAMIC_NO_PIC = NO;
				GCC_NO_COMMON_BLOCKS = YES;
				GCC_OPTIMIZATION_LEVEL = 0;
				GCC_PREPROCESSOR_DEFINITIONS = (
					"DEBUG=1",
					"$(inherited)",
				);
				GCC_WARN_64_TO_32_BIT_CONVERSION = YES;
				GCC_WARN_ABOUT_RETURN_TYPE = YES_ERROR;
				GCC_WARN_UNDECLARED_SELECTOR = YES;
				GCC_WARN_UNINITIALIZED_AUTOS = YES_AGGRESSIVE;
				GCC_WARN_UNUSED_FUNCTION = YES;
				GCC_WARN_UNUSED_VARIABLE = YES;
				MACOSX_DEPLOYMENT_TARGET = 10.15;
				MTL_ENABLE_DEBUG_INFO = INCLUDE_SOURCE;
				MTL_FAST_MATH = YES;
				ONLY_ACTIVE_ARCH = YES;
				SDKROOT = macosx;
			};
			name = Debug;
		};
		D6F4A3C2248A71F7007923C9 /* Release */ = {
			isa = XCBuildConfiguration;
			buildSettings = {
				ALWAYS_SEARCH_USER_PATHS = NO;
				CLANG_ANALYZER_NONNULL = YES;
				CLANG_ANALYZER_NUMBER_OBJECT_CONVERSION = YES_AGGRESSIVE;
				CLANG_CXX_LANGUAGE_STANDARD = "gnu++14";
				CLANG_CXX_LIBRARY = "libc++";
				CLANG_ENABLE_MODULES = YES;
				CLANG_ENABLE_OBJC_ARC = YES;
				CLANG_ENABLE_OBJC_WEAK = YES;
				CLANG_WARN_BLOCK_CAPTURE_AUTORELEASING = YES;
				CLANG_WARN_BOOL_CONVERSION = YES;
				CLANG_WARN_COMMA = YES;
				CLANG_WARN_CONSTANT_CONVERSION = YES;
				CLANG_WARN_DEPRECATED_OBJC_IMPLEMENTATIONS = YES;
				CLANG_WARN_DIRECT_OBJC_ISA_USAGE = YES_ERROR;
				CLANG_WARN_DOCUMENTATION_COMMENTS = YES;
				CLANG_WARN_EMPTY_BODY = YES;
				CLANG_WARN_ENUM_CONVERSION = YES;
				CLANG_WARN_INFINITE_RECURSION = YES;
				CLANG_WARN_INT_CONVERSION = YES;
				CLANG_WARN_NON_LITERAL_NULL_CONVERSION = YES;
				CLANG_WARN_OBJC_IMPLICIT_RETAIN_SELF = YES;
				CLANG_WARN_OBJC_LITERAL_CONVERSION = YES;
				CLANG_WARN_OBJC_ROOT_CLASS = YES_ERROR;
				CLANG_WARN_RANGE_LOOP_ANALYSIS = YES;
				CLANG_WARN_STRICT_PROTOTYPES = YES;
				CLANG_WARN_SUSPICIOUS_MOVE = YES;
				CLANG_WARN_UNGUARDED_AVAILABILITY = YES_AGGRESSIVE;
				CLANG_WARN_UNREACHABLE_CODE = YES;
				CLANG_WARN__DUPLICATE_METHOD_MATCH = YES;
				COPY_PHASE_STRIP = NO;
				DEBUG_INFORMATION_FORMAT = "dwarf-with-dsym";
				ENABLE_NS_ASSERTIONS = NO;
				ENABLE_STRICT_OBJC_MSGSEND = YES;
				GCC_C_LANGUAGE_STANDARD = gnu11;
				GCC_NO_COMMON_BLOCKS = YES;
				GCC_WARN_64_TO_32_BIT_CONVERSION = YES;
				GCC_WARN_ABOUT_RETURN_TYPE = YES_ERROR;
				GCC_WARN_UNDECLARED_SELECTOR = YES;
				GCC_WARN_UNINITIALIZED_AUTOS = YES_AGGRESSIVE;
				GCC_WARN_UNUSED_FUNCTION = YES;
				GCC_WARN_UNUSED_VARIABLE = YES;
				MACOSX_DEPLOYMENT_TARGET = 10.15;
				MTL_ENABLE_DEBUG_INFO = NO;
				MTL_FAST_MATH = YES;
				SDKROOT = macosx;
			};
			name = Release;
		};
		D6F4A3C4248A71F7007923C9 /* Debug */ = {
			isa = XCBuildConfiguration;
			buildSettings = {
				CODE_SIGN_STYLE = Automatic;
				PRODUCT_NAME = "$(TARGET_NAME)";
			};
			name = Debug;
		};
		D6F4A3C5248A71F7007923C9 /* Release */ = {
			isa = XCBuildConfiguration;
			buildSettings = {
				CODE_SIGN_STYLE = Automatic;
				PRODUCT_NAME = "$(TARGET_NAME)";
			};
			name = Release;
		};
/* End XCBuildConfiguration section */

/* Begin XCConfigurationList section */
		D66E04E3248A878400B1A91D /* Build configuration list for PBXNativeTarget "XCoreCollection" */ = {
			isa = XCConfigurationList;
			buildConfigurations = (
				D66E04E1248A878400B1A91D /* Debug */,
				D66E04E2248A878400B1A91D /* Release */,
			);
			defaultConfigurationIsVisible = 0;
			defaultConfigurationName = Release;
		};
		D6F4A3B7248A71F7007923C9 /* Build configuration list for PBXProject "CircularBuffer" */ = {
			isa = XCConfigurationList;
			buildConfigurations = (
				D6F4A3C1248A71F7007923C9 /* Debug */,
				D6F4A3C2248A71F7007923C9 /* Release */,
			);
			defaultConfigurationIsVisible = 0;
			defaultConfigurationName = Release;
		};
		D6F4A3C3248A71F7007923C9 /* Build configuration list for PBXNativeTarget "CircularBuffer" */ = {
			isa = XCConfigurationList;
			buildConfigurations = (
				D6F4A3C4248A71F7007923C9 /* Debug */,
				D6F4A3C5248A71F7007923C9 /* Release */,
			);
			defaultConfigurationIsVisible = 0;
			defaultConfigurationName = Release;
		};
/* End XCConfigurationList section */
	};
	rootObject = D6F4A3B4248A71F7007923C9 /* Project object */;
}
